schema: '2.0'
stages:
  load_data:
    cmd: python src/load_data.py
    deps:
    - path: src/load_data.py
      hash: md5
      md5: b1cc18baea1257f3fbfb0aa9c771ed42
      size: 227
    outs:
    - path: output/data.pkl
      hash: md5
      md5: 35353c71da0985eed8bb507bbc53bd91
      size: 54950285
  train:
    cmd: python src/train.py
    deps:
    - path: output/data.pkl
      hash: md5
      md5: 35353c71da0985eed8bb507bbc53bd91
      size: 54950285
    - path: src/train.py
      hash: md5
      md5: bc569a7cd1e1aa6f4b999c560e88b9b1
      size: 3331
    params:
      params.yaml:
        train.batch_size: 128
        train.dropout: 0.4
        train.hidden_units: 64
        train.lr: 0.001
        train.num_epochs: 2
    outs:
    - path: dvclive/metrics.json
      hash: md5
      md5: afa9417a986242b1b2f6956a628c3d20
      size: 54
    - path: dvclive/plots/metrics/accuracy.tsv
      hash: md5
      md5: 91ab0b56aee04df040927bcd5d678afd
      size: 56
    - path: output/myfmmodel.keras
      hash: md5
      md5: bde889ad71d883f6e14b31ab8d253cd8
      size: 3681312
    - path: output/myfmmodel.tar.gz
      hash: md5
      md5: 1e5d3a13f240ce88cf8d3b44ef0c02cc
      size: 3387944
    - path: output/train_logs.csv
      hash: md5
      md5: f14de0357def4e192c60b2584bbdc8a4
      size: 101
  evaluate:
    cmd: python src/evaluate.py
    deps:
    - path: output/data.pkl
      hash: md5
      md5: 35353c71da0985eed8bb507bbc53bd91
      size: 54950285
    - path: output/myfmmodel.keras
      hash: md5
      md5: bde889ad71d883f6e14b31ab8d253cd8
      size: 3681312
    - path: src/evaluate.py
      hash: md5
      md5: d55658c1947e760905f8784a695033b4
      size: 2983
    outs:
    - path: output/metrics.json
      hash: md5
      md5: 2724734ab6d23297a272f529862cb708
      size: 60
    - path: output/predictions.json
      hash: md5
      md5: dd5f8c22ccb84317e20edba951ef7ad0
      size: 310000
    - path: output/test/samples_of_mispredicted_images/
      hash: md5
      md5: e99af61952ee9f8c69459a73a3050a9c.dir
      size: 172747
      nfiles: 10
